
Microsoft Visual Studio Solution File, Format Version 12.00
# Visual Studio Version 17
VisualStudioVersion = 17.14.36212.18
MinimumVisualStudioVersion = 10.0.40219.1
Project("{FAE04EC0-301F-11D3-BF4B-00C04F79EFBC}") = "IceCoffee.Mediator", "IceCoffee.Mediator\IceCoffee.Mediator.csproj", "{11BD3EA6-D241-415C-AF14-EAFF5A7EFD9C}"
EndProject
Global
	GlobalSection(SolutionConfigurationPlatforms) = preSolution
		Debug|Any CPU = Debug|Any CPU
		Release|Any CPU = Release|Any CPU
	EndGlobalSection
	GlobalSection(ProjectConfigurationPlatforms) = postSolution
		{11BD3EA6-D241-415C-AF14-EAFF5A7EFD9C}.Debug|Any CPU.ActiveCfg = Debug|Any CPU
		{11BD3EA6-D241-415C-AF14-EAFF5A7EFD9C}.Debug|Any CPU.Build.0 = Debug|Any CPU
		{11BD3EA6-D241-415C-AF14-EAFF5A7EFD9C}.Release|Any CPU.ActiveCfg = Release|Any CPU
		{11BD3EA6-D241-415C-AF14-EAFF5A7EFD9C}.Release|Any CPU.Build.0 = Release|Any CPU
	EndGlobalSection
	GlobalSection(SolutionProperties) = preSolution
		HideSolutionNode = FALSE
	EndGlobalSection
	GlobalSection(ExtensibilityGlobals) = postSolution
		SolutionGuid = {0FCD7C3D-3777-412B-9342-0D61C1353493}
	EndGlobalSection
EndGlobal
